// !$*UTF8*$!
{
	archiveVersion = 1;
	classes = {
	};
	objectVersion = 46;
	objects = {

/* Begin PBXBuildFile section */
		147932A71F38B46200AA2140 /* MeterGaugeView.m in Sources */ = {isa = PBXBuildFile; fileRef = 147932A61F38B46200AA2140 /* MeterGaugeView.m */; };
		147932AB1F38BE5000AA2140 /* RecordDataBase.m in Sources */ = {isa = PBXBuildFile; fileRef = 147932AA1F38BE5000AA2140 /* RecordDataBase.m */; };
		14F407701F322C5700B2974E /* main.m in Sources */ = {isa = PBXBuildFile; fileRef = 14F4076F1F322C5700B2974E /* main.m */; };
		14F407731F322C5700B2974E /* AppDelegate.m in Sources */ = {isa = PBXBuildFile; fileRef = 14F407721F322C5700B2974E /* AppDelegate.m */; };
		14F407761F322C5700B2974E /* ViewController.m in Sources */ = {isa = PBXBuildFile; fileRef = 14F407751F322C5700B2974E /* ViewController.m */; };
		14F407791F322C5700B2974E /* Main.storyboard in Resources */ = {isa = PBXBuildFile; fileRef = 14F407771F322C5700B2974E /* Main.storyboard */; };
		14F4077B1F322C5700B2974E /* Assets.xcassets in Resources */ = {isa = PBXBuildFile; fileRef = 14F4077A1F322C5700B2974E /* Assets.xcassets */; };
		14F4077E1F322C5700B2974E /* LaunchScreen.storyboard in Resources */ = {isa = PBXBuildFile; fileRef = 14F4077C1F322C5700B2974E /* LaunchScreen.storyboard */; };
		14F407871F322C9E00B2974E /* AVFoundation.framework in Frameworks */ = {isa = PBXBuildFile; fileRef = 14F407861F322C9E00B2974E /* AVFoundation.framework */; };
		14F407891F322CA600B2974E /* MessageUI.framework in Frameworks */ = {isa = PBXBuildFile; fileRef = 14F407881F322CA600B2974E /* MessageUI.framework */; };
		14F4078B1F322CB300B2974E /* libsqlite3.0.tbd in Frameworks */ = {isa = PBXBuildFile; fileRef = 14F4078A1F322CB300B2974E /* libsqlite3.0.tbd */; };
		14F4078E1F322CF100B2974E /* RecordViewController.m in Sources */ = {isa = PBXBuildFile; fileRef = 14F4078D1F322CF100B2974E /* RecordViewController.m */; };
/* End PBXBuildFile section */

/* Begin PBXFileReference section */
		147932A51F38B46200AA2140 /* MeterGaugeView.h */ = {isa = PBXFileReference; fileEncoding = 4; lastKnownFileType = sourcecode.c.h; name = MeterGaugeView.h; path = ../MeterGaugeView.h; sourceTree = "<group>"; };
		147932A61F38B46200AA2140 /* MeterGaugeView.m */ = {isa = PBXFileReference; fileEncoding = 4; lastKnownFileType = sourcecode.c.objc; name = MeterGaugeView.m; path = ../MeterGaugeView.m; sourceTree = "<group>"; };
		147932A81F38BE2A00AA2140 /* RecordDB.sqlite */ = {isa = PBXFileReference; lastKnownFileType = file; name = RecordDB.sqlite; path = ../../../../Desktop/RecordDB.sqlite; sourceTree = "<group>"; };
		147932A91F38BE5000AA2140 /* RecordDataBase.h */ = {isa = PBXFileReference; fileEncoding = 4; lastKnownFileType = sourcecode.c.h; path = RecordDataBase.h; sourceTree = "<group>"; };
		147932AA1F38BE5000AA2140 /* RecordDataBase.m */ = {isa = PBXFileReference; fileEncoding = 4; lastKnownFileType = sourcecode.c.objc; path = RecordDataBase.m; sourceTree = "<group>"; };
		14F4076B1F322C5700B2974E /* Recording.app */ = {isa = PBXFileReference; explicitFileType = wrapper.application; includeInIndex = 0; path = Recording.app; sourceTree = BUILT_PRODUCTS_DIR; };
		14F4076F1F322C5700B2974E /* main.m */ = {isa = PBXFileReference; lastKnownFileType = sourcecode.c.objc; path = main.m; sourceTree = "<group>"; };
		14F407711F322C5700B2974E /* AppDelegate.h */ = {isa = PBXFileReference; lastKnownFileType = sourcecode.c.h; path = AppDelegate.h; sourceTree = "<group>"; };
		14F407721F322C5700B2974E /* AppDelegate.m */ = {isa = PBXFileReference; lastKnownFileType = sourcecode.c.objc; path = AppDelegate.m; sourceTree = "<group>"; };
		14F407741F322C5700B2974E /* ViewController.h */ = {isa = PBXFileReference; lastKnownFileType = sourcecode.c.h; path = ViewController.h; sourceTree = "<group>"; };
		14F407751F322C5700B2974E /* ViewController.m */ = {isa = PBXFileReference; lastKnownFileType = sourcecode.c.objc; path = ViewController.m; sourceTree = "<group>"; };
		14F407781F322C5700B2974E /* Base */ = {isa = PBXFileReference; lastKnownFileType = file.storyboard; name = Base; path = Base.lproj/Main.storyboard; sourceTree = "<group>"; };
		14F4077A1F322C5700B2974E /* Assets.xcassets */ = {isa = PBXFileReference; lastKnownFileType = folder.assetcatalog; path = Assets.xcassets; sourceTree = "<group>"; };
		14F4077D1F322C5700B2974E /* Base */ = {isa = PBXFileReference; lastKnownFileType = file.storyboard; name = Base; path = Base.lproj/LaunchScreen.storyboard; sourceTree = "<group>"; };
		14F4077F1F322C5700B2974E /* Info.plist */ = {isa = PBXFileReference; lastKnownFileType = text.plist.xml; path = Info.plist; sourceTree = "<group>"; };
		14F407861F322C9E00B2974E /* AVFoundation.framework */ = {isa = PBXFileReference; lastKnownFileType = wrapper.framework; name = AVFoundation.framework; path = System/Library/Frameworks/AVFoundation.framework; sourceTree = SDKROOT; };
		14F407881F322CA600B2974E /* MessageUI.framework */ = {isa = PBXFileReference; lastKnownFileType = wrapper.framework; name = MessageUI.framework; path = System/Library/Frameworks/MessageUI.framework; sourceTree = SDKROOT; };
		14F4078A1F322CB300B2974E /* libsqlite3.0.tbd */ = {isa = PBXFileReference; lastKnownFileType = "sourcecode.text-based-dylib-definition"; name = libsqlite3.0.tbd; path = usr/lib/libsqlite3.0.tbd; sourceTree = SDKROOT; };
		14F4078C1F322CF100B2974E /* RecordViewController.h */ = {isa = PBXFileReference; fileEncoding = 4; lastKnownFileType = sourcecode.c.h; path = RecordViewController.h; sourceTree = "<group>"; };
		14F4078D1F322CF100B2974E /* RecordViewController.m */ = {isa = PBXFileReference; fileEncoding = 4; lastKnownFileType = sourcecode.c.objc; path = RecordViewController.m; sourceTree = "<group>"; };
/* End PBXFileReference section */

/* Begin PBXFrameworksBuildPhase section */
		14F407681F322C5700B2974E /* Frameworks */ = {
			isa = PBXFrameworksBuildPhase;
			buildActionMask = 2147483647;
			files = (
				14F4078B1F322CB300B2974E /* libsqlite3.0.tbd in Frameworks */,
				14F407891F322CA600B2974E /* MessageUI.framework in Frameworks */,
				14F407871F322C9E00B2974E /* AVFoundation.framework in Frameworks */,
			);
			runOnlyForDeploymentPostprocessing = 0;
		};
/* End PBXFrameworksBuildPhase section */

/* Begin PBXGroup section */
		14F407621F322C5700B2974E = {
			isa = PBXGroup;
			children = (
				14F4076D1F322C5700B2974E /* Recording */,
				14F4076C1F322C5700B2974E /* Products */,
				14F407851F322C9E00B2974E /* Frameworks */,
			);
			sourceTree = "<group>";
		};
		14F4076C1F322C5700B2974E /* Products */ = {
			isa = PBXGroup;
			children = (
				14F4076B1F322C5700B2974E /* Recording.app */,
			);
			name = Products;
			sourceTree = "<group>";
		};
		14F4076D1F322C5700B2974E /* Recording */ = {
			isa = PBXGroup;
			children = (
				147932A81F38BE2A00AA2140 /* RecordDB.sqlite */,
				14F407711F322C5700B2974E /* AppDelegate.h */,
				14F407721F322C5700B2974E /* AppDelegate.m */,
				14F407741F322C5700B2974E /* ViewController.h */,
				14F407751F322C5700B2974E /* ViewController.m */,
				14F407771F322C5700B2974E /* Main.storyboard */,
				14F4078C1F322CF100B2974E /* RecordViewController.h */,
				14F4078D1F322CF100B2974E /* RecordViewController.m */,
				147932A91F38BE5000AA2140 /* RecordDataBase.h */,
				147932AA1F38BE5000AA2140 /* RecordDataBase.m */,
				147932A51F38B46200AA2140 /* MeterGaugeView.h */,
				147932A61F38B46200AA2140 /* MeterGaugeView.m */,
				14F4077A1F322C5700B2974E /* Assets.xcassets */,
				14F4077C1F322C5700B2974E /* LaunchScreen.storyboard */,
				14F4077F1F322C5700B2974E /* Info.plist */,
				14F4076E1F322C5700B2974E /* Supporting Files */,
			);
			path = Recording;
			sourceTree = "<group>";
		};
		14F4076E1F322C5700B2974E /* Supporting Files */ = {
			isa = PBXGroup;
			children = (
				14F4076F1F322C5700B2974E /* main.m */,
			);
			name = "Supporting Files";
			sourceTree = "<group>";
		};
		14F407851F322C9E00B2974E /* Frameworks */ = {
			isa = PBXGroup;
			children = (
				14F4078A1F322CB300B2974E /* libsqlite3.0.tbd */,
				14F407881F322CA600B2974E /* MessageUI.framework */,
				14F407861F322C9E00B2974E /* AVFoundation.framework */,
			);
			name = Frameworks;
			sourceTree = "<group>";
		};
/* End PBXGroup section */

/* Begin PBXNativeTarget section */
		14F4076A1F322C5700B2974E /* Recording */ = {
			isa = PBXNativeTarget;
			buildConfigurationList = 14F407821F322C5700B2974E /* Build configuration list for PBXNativeTarget "Recording" */;
			buildPhases = (
				14F407671F322C5700B2974E /* Sources */,
				14F407681F322C5700B2974E /* Frameworks */,
				14F407691F322C5700B2974E /* Resources */,
			);
			buildRules = (
			);
			dependencies = (
			);
			name = Recording;
			productName = Recording;
			productReference = 14F4076B1F322C5700B2974E /* Recording.app */;
			productType = "com.apple.product-type.application";
		};
/* End PBXNativeTarget section */

/* Begin PBXProject section */
		14F407631F322C5700B2974E /* Project object */ = {
			isa = PBXProject;
			attributes = {
				LastUpgradeCheck = 0830;
				ORGANIZATIONNAME = baek;
				TargetAttributes = {
					14F4076A1F322C5700B2974E = {
						CreatedOnToolsVersion = 8.3.3;
						DevelopmentTeam = 4S839S8LX4;
						ProvisioningStyle = Automatic;
					};
				};
			};
			buildConfigurationList = 14F407661F322C5700B2974E /* Build configuration list for PBXProject "Recording" */;
			compatibilityVersion = "Xcode 3.2";
			developmentRegion = English;
			hasScannedForEncodings = 0;
			knownRegions = (
				en,
				Base,
			);
			mainGroup = 14F407621F322C5700B2974E;
			productRefGroup = 14F4076C1F322C5700B2974E /* Products */;
			projectDirPath = "";
			projectRoot = "";
			targets = (
				14F4076A1F322C5700B2974E /* Recording */,
			);
		};
/* End PBXProject section */

/* Begin PBXResourcesBuildPhase section */
		14F407691F322C5700B2974E /* Resources */ = {
			isa = PBXResourcesBuildPhase;
			buildActionMask = 2147483647;
			files = (
				14F4077E1F322C5700B2974E /* LaunchScreen.storyboard in Resources */,
				14F4077B1F322C5700B2974E /* Assets.xcassets in Resources */,
				14F407791F322C5700B2974E /* Main.storyboard in Resources */,
			);
			runOnlyForDeploymentPostprocessing = 0;
		};
/* End PBXResourcesBuildPhase section */

/* Begin PBXSourcesBuildPhase section */
		14F407671F322C5700B2974E /* Sources */ = {
			isa = PBXSourcesBuildPhase;
			buildActionMask = 2147483647;
			files = (
				14F407761F322C5700B2974E /* ViewController.m in Sources */,
				14F407731F322C5700B2974E /* AppDelegate.m in Sources */,
				147932A71F38B46200AA2140 /* MeterGaugeView.m in Sources */,
				147932AB1F38BE5000AA2140 /* RecordDataBase.m in Sources */,
				14F407701F322C5700B2974E /* main.m in Sources */,
				14F4078E1F322CF100B2974E /* RecordViewController.m in Sources */,
			);
			runOnlyForDeploymentPostprocessing = 0;
		};
/* End PBXSourcesBuildPhase section */

/* Begin PBXVariantGroup section */
		14F407771F322C5700B2974E /* Main.storyboard */ = {
			isa = PBXVariantGroup;
			children = (
				14F407781F322C5700B2974E /* Base */,
			);
			name = Main.storyboard;
			sourceTree = "<group>";
		};
		14F4077C1F322C5700B2974E /* LaunchScreen.storyboard */ = {
			isa = PBXVariantGroup;
			children = (
				14F4077D1F322C5700B2974E /* Base */,
			);
			name = LaunchScreen.storyboard;
			sourceTree = "<group>";
		};
/* End PBXVariantGroup section */

/* Begin XCBuildConfiguration section */
		14F407801F322C5700B2974E /* Debug */ = {
			isa = XCBuildConfiguration;
			buildSettings = {
				ALWAYS_SEARCH_USER_PATHS = NO;
				CLANG_ANALYZER_NONNULL = YES;
				CLANG_ANALYZER_NUMBER_OBJECT_CONVERSION = YES_AGGRESSIVE;
				CLANG_CXX_LANGUAGE_STANDARD = "gnu++0x";
				CLANG_CXX_LIBRARY = "libc++";
				CLANG_ENABLE_MODULES = YES;
				CLANG_ENABLE_OBJC_ARC = YES;
				CLANG_WARN_BOOL_CONVERSION = YES;
				CLANG_WARN_CONSTANT_CONVERSION = YES;
				CLANG_WARN_DIRECT_OBJC_ISA_USAGE = YES_ERROR;
				CLANG_WARN_DOCUMENTATION_COMMENTS = YES;
				CLANG_WARN_EMPTY_BODY = YES;
				CLANG_WARN_ENUM_CONVERSION = YES;
				CLANG_WARN_INFINITE_RECURSION = YES;
				CLANG_WARN_INT_CONVERSION = YES;
				CLANG_WARN_OBJC_ROOT_CLASS = YES_ERROR;
				CLANG_WARN_SUSPICIOUS_MOVE = YES;
				CLANG_WARN_UNREACHABLE_CODE = YES;
				CLANG_WARN__DUPLICATE_METHOD_MATCH = YES;
				"CODE_SIGN_IDENTITY[sdk=iphoneos*]" = "iPhone Developer";
				COPY_PHASE_STRIP = NO;
				DEBUG_INFORMATION_FORMAT = dwarf;
				ENABLE_STRICT_OBJC_MSGSEND = YES;
				ENABLE_TESTABILITY = YES;
				GCC_C_LANGUAGE_STANDARD = gnu99;
				GCC_DYNAMIC_NO_PIC = NO;
				GCC_NO_COMMON_BLOCKS = YES;
				GCC_OPTIMIZATION_LEVEL = 0;
				GCC_PREPROCESSOR_DEFINITIONS = (
					"DEBUG=1",
					"$(inherited)",
				);
				GCC_WARN_64_TO_32_BIT_CONVERSION = YES;
				GCC_WARN_ABOUT_RETURN_TYPE = YES_ERROR;
				GCC_WARN_UNDECLARED_SELECTOR = YES;
				GCC_WARN_UNINITIALIZED_AUTOS = YES_AGGRESSIVE;
				GCC_WARN_UNUSED_FUNCTION = YES;
				GCC_WARN_UNUSED_VARIABLE = YES;
				IPHONEOS_DEPLOYMENT_TARGET = 10.3;
				MTL_ENABLE_DEBUG_INFO = YES;
				ONLY_ACTIVE_ARCH = YES;
				SDKROOT = iphoneos;
			};
			name = Debug;
		};
		14F407811F322C5700B2974E /* Release */ = {
			isa = XCBuildConfiguration;
			buildSettings = {
				ALWAYS_SEARCH_USER_PATHS = NO;
				CLANG_ANALYZER_NONNULL = YES;
				CLANG_ANALYZER_NUMBER_OBJECT_CONVERSION = YES_AGGRESSIVE;
				CLANG_CXX_LANGUAGE_STANDARD = "gnu++0x";
				CLANG_CXX_LIBRARY = "libc++";
				CLANG_ENABLE_MODULES = YES;
				CLANG_ENABLE_OBJC_ARC = YES;
				CLANG_WARN_BOOL_CONVERSION = YES;
				CLANG_WARN_CONSTANT_CONVERSION = YES;
				CLANG_WARN_DIRECT_OBJC_ISA_USAGE = YES_ERROR;
				CLANG_WARN_DOCUMENTATION_COMMENTS = YES;
				CLANG_WARN_EMPTY_BODY = YES;
				CLANG_WARN_ENUM_CONVERSION = YES;
				CLANG_WARN_INFINITE_RECURSION = YES;
				CLANG_WARN_INT_CONVERSION = YES;
				CLANG_WARN_OBJC_ROOT_CLASS = YES_ERROR;
				CLANG_WARN_SUSPICIOUS_MOVE = YES;
				CLANG_WARN_UNREACHABLE_CODE = YES;
				CLANG_WARN__DUPLICATE_METHOD_MATCH = YES;
				"CODE_SIGN_IDENTITY[sdk=iphoneos*]" = "iPhone Developer";
				COPY_PHASE_STRIP = NO;
				DEBUG_INFORMATION_FORMAT = "dwarf-with-dsym";
				ENABLE_NS_ASSERTIONS = NO;
				ENABLE_STRICT_OBJC_MSGSEND = YES;
				GCC_C_LANGUAGE_STANDARD = gnu99;
				GCC_NO_COMMON_BLOCKS = YES;
				GCC_WARN_64_TO_32_BIT_CONVERSION = YES;
				GCC_WARN_ABOUT_RETURN_TYPE = YES_ERROR;
				GCC_WARN_UNDECLARED_SELECTOR = YES;
				GCC_WARN_UNINITIALIZED_AUTOS = YES_AGGRESSIVE;
				GCC_WARN_UNUSED_FUNCTION = YES;
				GCC_WARN_UNUSED_VARIABLE = YES;
				IPHONEOS_DEPLOYMENT_TARGET = 10.3;
				MTL_ENABLE_DEBUG_INFO = NO;
				SDKROOT = iphoneos;
				VALIDATE_PRODUCT = YES;
			};
			name = Release;
		};
		14F407831F322C5700B2974E /* Debug */ = {
			isa = XCBuildConfiguration;
			buildSettings = {
				ASSETCATALOG_COMPILER_APPICON_NAME = AppIcon;
				DEVELOPMENT_TEAM = 4S839S8LX4;
				INFOPLIST_FILE = Recording/Info.plist;
				LD_RUNPATH_SEARCH_PATHS = "$(inherited) @executable_path/Frameworks";
				PRODUCT_BUNDLE_IDENTIFIER = home.Recording;
				PRODUCT_NAME = "$(TARGET_NAME)";
			};
			name = Debug;
		};
		14F407841F322C5700B2974E /* Release */ = {
			isa = XCBuildConfiguration;
			buildSettings = {
				ASSETCATALOG_COMPILER_APPICON_NAME = AppIcon;
				DEVELOPMENT_TEAM = 4S839S8LX4;
				INFOPLIST_FILE = Recording/Info.plist;
				LD_RUNPATH_SEARCH_PATHS = "$(inherited) @executable_path/Frameworks";
				PRODUCT_BUNDLE_IDENTIFIER = home.Recording;
				PRODUCT_NAME = "$(TARGET_NAME)";
			};
			name = Release;
		};
/* End XCBuildConfiguration section */

/* Begin XCConfigurationList section */
		14F407661F322C5700B2974E /* Build configuration list for PBXProject "Recording" */ = {
			isa = XCConfigurationList;
			buildConfigurations = (
				14F407801F322C5700B2974E /* Debug */,
				14F407811F322C5700B2974E /* Release */,
			);
			defaultConfigurationIsVisible = 0;
			defaultConfigurationName = Release;
		};
		14F407821F322C5700B2974E /* Build configuration list for PBXNativeTarget "Recording" */ = {
			isa = XCConfigurationList;
			buildConfigurations = (
				14F407831F322C5700B2974E /* Debug */,
				14F407841F322C5700B2974E /* Release */,
			);
			defaultConfigurationIsVisible = 0;
			defaultConfigurationName = Release;
		};
/* End XCConfigurationList section */
	};
	rootObject = 14F407631F322C5700B2974E /* Project object */;
}
